
Microsoft Visual Studio Solution File, Format Version 12.00
# Visual Studio Version 17
VisualStudioVersion = 17.9.34728.123
MinimumVisualStudioVersion = 10.0.40219.1
Project("{FAE04EC0-301F-11D3-BF4B-00C04F79EFBC}") = "WebApplication1", "WebApplication1\WebApplication1.csproj", "{5BF402B6-A074-4A79-A818-5108EB36F542}"
EndProject
Project("{FAE04EC0-301F-11D3-BF4B-00C04F79EFBC}") = "WebApplicationTest", "WebApplicationTest\WebApplicationTest.csproj", "{9796F23D-83BC-4978-9F88-00D20E4DEE3B}"
EndProject
Global
	GlobalSection(SolutionConfigurationPlatforms) = preSolution
		Debug|Any CPU = Debug|Any CPU
		Release|Any CPU = Release|Any CPU
	EndGlobalSection
	GlobalSection(ProjectConfigurationPlatforms) = postSolution
		{5BF402B6-A074-4A79-A818-5108EB36F542}.Debug|Any CPU.ActiveCfg = Debug|Any CPU
		{5BF402B6-A074-4A79-A818-5108EB36F542}.Debug|Any CPU.Build.0 = Debug|Any CPU
		{5BF402B6-A074-4A79-A818-5108EB36F542}.Release|Any CPU.ActiveCfg = Release|Any CPU
		{5BF402B6-A074-4A79-A818-5108EB36F542}.Release|Any CPU.Build.0 = Release|Any CPU
		{9796F23D-83BC-4978-9F88-00D20E4DEE3B}.Debug|Any CPU.ActiveCfg = Debug|Any CPU
		{9796F23D-83BC-4978-9F88-00D20E4DEE3B}.Debug|Any CPU.Build.0 = Debug|Any CPU
		{9796F23D-83BC-4978-9F88-00D20E4DEE3B}.Release|Any CPU.ActiveCfg = Release|Any CPU
		{9796F23D-83BC-4978-9F88-00D20E4DEE3B}.Release|Any CPU.Build.0 = Release|Any CPU
	EndGlobalSection
	GlobalSection(SolutionProperties) = preSolution
		HideSolutionNode = FALSE
	EndGlobalSection
	GlobalSection(ExtensibilityGlobals) = postSolution
		SolutionGuid = {D3FFA52C-8E10-4903-B0CA-E2BF0277BF8A}
	EndGlobalSection
EndGlobal
